
Microsoft Visual Studio Solution File, Format Version 12.00
# Visual Studio 15
VisualStudioVersion = 15.0.28307.645
MinimumVisualStudioVersion = 10.0.40219.1
Project("{FAE04EC0-301F-11D3-BF4B-00C04F79EFBC}") = "Vidly", "Vidly\Vidly.csproj", "{3FA4E6CF-2378-425B-ABF0-CA4DF655DFBD}"
EndProject
Global
	GlobalSection(SolutionConfigurationPlatforms) = preSolution
		Debug|Any CPU = Debug|Any CPU
		Release|Any CPU = Release|Any CPU
	EndGlobalSection
	GlobalSection(ProjectConfigurationPlatforms) = postSolution
		{3FA4E6CF-2378-425B-ABF0-CA4DF655DFBD}.Debug|Any CPU.ActiveCfg = Debug|Any CPU
		{3FA4E6CF-2378-425B-ABF0-CA4DF655DFBD}.Debug|Any CPU.Build.0 = Debug|Any CPU
		{3FA4E6CF-2378-425B-ABF0-CA4DF655DFBD}.Release|Any CPU.ActiveCfg = Release|Any CPU
		{3FA4E6CF-2378-425B-ABF0-CA4DF655DFBD}.Release|Any CPU.Build.0 = Release|Any CPU
	EndGlobalSection
	GlobalSection(SolutionProperties) = preSolution
		HideSolutionNode = FALSE
	EndGlobalSection
	GlobalSection(ExtensibilityGlobals) = postSolution
		SolutionGuid = {759DC9B7-F41B-401A-BA95-ABC271AEB510}
	EndGlobalSection
EndGlobal
